
Microsoft Visual Studio Solution File, Format Version 12.00
# Visual Studio Version 17
VisualStudioVersion = 17.5.002.0
MinimumVisualStudioVersion = 10.0.40219.1
Project("{9A19103F-16F7-4668-BE54-9A1E7A4F7556}") = "my-Ecommerce-App", "my-Ecommerce-App.csproj", "{F894D4BE-CCAD-4A97-8BFC-15C0F244288C}"
EndProject
Global
	GlobalSection(SolutionConfigurationPlatforms) = preSolution
		Debug|Any CPU = Debug|Any CPU
		Release|Any CPU = Release|Any CPU
	EndGlobalSection
	GlobalSection(ProjectConfigurationPlatforms) = postSolution
		{F894D4BE-CCAD-4A97-8BFC-15C0F244288C}.Debug|Any CPU.ActiveCfg = Debug|Any CPU
		{F894D4BE-CCAD-4A97-8BFC-15C0F244288C}.Debug|Any CPU.Build.0 = Debug|Any CPU
		{F894D4BE-CCAD-4A97-8BFC-15C0F244288C}.Release|Any CPU.ActiveCfg = Release|Any CPU
		{F894D4BE-CCAD-4A97-8BFC-15C0F244288C}.Release|Any CPU.Build.0 = Release|Any CPU
	EndGlobalSection
	GlobalSection(SolutionProperties) = preSolution
		HideSolutionNode = FALSE
	EndGlobalSection
	GlobalSection(ExtensibilityGlobals) = postSolution
		SolutionGuid = {C338EC30-6538-40A4-B589-66F3B0F18AD9}
	EndGlobalSection
EndGlobal
